github.com/Splidejs/splide v4.1.3+incompatible h1:ms0c3Tem9Bq7qcr88nLspZi2SW14mYnj4CVuHGqJbzA=
github.com/Splidejs/splide v4.1.3+incompatible/go.mod h1:N10tHuOP81a5HGua3PmZVrpMiBmf/KhId8jZt0oShNk=
github.com/dixonandmoe/rellax v0.0.0-20240824005335-9ed6cb0aae03 h1:TyZM0MK9+09/vGdnH8N9xVFix5f1vzU90V5WCyL16oE=
github.com/dixonandmoe/rellax v0.0.0-20240824005335-9ed6cb0aae03/go.mod h1:CJ8UtS8LPLOSmpvwRkQJkwqOwwXaDfH5S7iG83GKAlY=
github.com/hugolify/hugolify-theme-design-system v0.0.0-20260921141343-e2cc7734f0ea h1:jiykZJqJjPfG9aIMxEHt3hHC78QLdoyNEzt44WaCTxM=
github.com/hugolify/hugolify-theme-design-system v0.0.0-20260921141343-e2cc7734f0ea/go.mod h1:pmx1M5Ej9OhNx59jVsqRWhWHSv0JVx6U9txsqTWauTQ=
github.com/hugolify/hugolify-theme-design-system v0.0.0-20260924101302-10e4843ac793 h1:EsHhc23GYoo6v0cvPsH9x+daFt5S3NcWfMLciHO8K+I=
github.com/hugolify/hugolify-theme-design-system v0.0.0-20260924101302-10e4843ac793/go.mod h1:pmx1M5Ej9OhNx59jVsqRWhWHSv0JVx6U9txsqTWauTQ=
github.com/hugolify/hugolify-theme-docs/v2 v2.0.0-20260908101900-d1c813828f6e h1:a5Uj2FFQ/FB1Nr9shxnatdJmdUzoCcREMXLUulf+IJM=
github.com/hugolify/hugolify-theme-docs/v2 v2.0.0-20260908101900-d1c813828f6e/go.mod h1:L+idmDTe/Y+zi2lxe7BakjDgywPvNJ5NISKvEb/DwrU=
github.com/hugolify/hugolify-theme-icons v0.0.0-20260903194220-889a383d226d h1:VJA+JEVazGteQx4sxhvKMmMr2V1HI0UaTLrZT4w+hTA=
github.com/hugolify/hugolify-theme-icons v0.0.0-20260903194220-889a383d226d/go.mod h1:tgu9FOg5nxqOuBWLjq/bPaK08+qruITqMrjbUq5QBQg=
github.com/hugolify/hugolify-theme/v2 v2.30.0 h1:vYz7YrbCt4yaWBhhUPd6hpTvRHhPoKPmkdMZLrrXj6c=
github.com/hugolify/hugolify-theme/v2 v2.30.0/go.mod h1:49bO1E1dltejQfsaP5EYB4dv7oOUDhyWWio9OWK9FAw=
github.com/lucide-icons/lucide v0.265.1-0.20260924054230-f53e5bfff0f9 h1:ViGzNxqgzPtbmEF06BZzdZy0PjUfvlG4F/9pT64RC98=
github.com/lucide-icons/lucide v0.265.1-0.20260924054230-f53e5bfff0f9/go.mod h1:0HX/9u6n25zuV2HgBIuqfMfDktGNXmsvYqL1cOK4aWc=
github.com/midzer/tobii v3.2.0+incompatible h1:+08xCdrQ8dlXrkBIOJFsIUsfgme4Ou1CUfbqDmeX/Hc=
github.com/midzer/tobii v3.2.0+incompatible/go.mod h1:ByXFkVm8ja2+TXT7L+lfkdEIeHW4IdWdsQO8zJ5mEqA=
github.com/orestbida/cookieconsent v3.1.0+incompatible h1:L2uj16SEL1bICkn6pJde9uc1qAPmTcEiFZO93zZKdQI=
github.com/orestbida/cookieconsent v3.1.0+incompatible/go.mod h1:8N46VI/40AwvzASJDpiwfbu6zylSzKSDZRUVNmVXLxw=
github.com/simple-icons/simple-icons v0.0.0-20260607021030-c3777a7e48a5 h1:KMtcHeiD7TpsH/GQhibbHc1Nd8SB3p2VW6S3lCYk4Vs=
github.com/simple-icons/simple-icons v0.0.0-20260607021030-c3777a7e48a5/go.mod h1:oOgUUt8yVYOso/wEBi2ojfZP2MU/xxiNccIpaE+jCvE=
